
Microsoft Visual Studio Solution File, Format Version 12.00
# Visual Studio Version 16
VisualStudioVersion = 16.0.31702.278
MinimumVisualStudioVersion = 10.0.40219.1
Project("{FAE04EC0-301F-11D3-BF4B-00C04F79EFBC}") = "Livraria2909", "Livraria2909\Livraria2909.csproj", "{3D753B6E-76CA-489B-A13A-0C0EE5305D9B}"
EndProject
Global
	GlobalSection(SolutionConfigurationPlatforms) = preSolution
		Debug|Any CPU = Debug|Any CPU
		Release|Any CPU = Release|Any CPU
	EndGlobalSection
	GlobalSection(ProjectConfigurationPlatforms) = postSolution
		{3D753B6E-76CA-489B-A13A-0C0EE5305D9B}.Debug|Any CPU.ActiveCfg = Debug|Any CPU
		{3D753B6E-76CA-489B-A13A-0C0EE5305D9B}.Debug|Any CPU.Build.0 = Debug|Any CPU
		{3D753B6E-76CA-489B-A13A-0C0EE5305D9B}.Release|Any CPU.ActiveCfg = Release|Any CPU
		{3D753B6E-76CA-489B-A13A-0C0EE5305D9B}.Release|Any CPU.Build.0 = Release|Any CPU
	EndGlobalSection
	GlobalSection(SolutionProperties) = preSolution
		HideSolutionNode = FALSE
	EndGlobalSection
	GlobalSection(ExtensibilityGlobals) = postSolution
		SolutionGuid = {33406D2D-44B3-4BC1-B3AA-A6DA0405681B}
	EndGlobalSection
EndGlobal
